
Microsoft Visual Studio Solution File, Format Version 12.00
# Visual Studio Version 16
VisualStudioVersion = 16.0.31129.286
MinimumVisualStudioVersion = 10.0.40219.1
Project("{9A19103F-16F7-4668-BE54-9A1E7A4F7556}") = "WebsiteCreation", "WebsiteCreation\WebsiteCreation.csproj", "{4EB596D8-A1A0-4F7D-B976-A73A74467D22}"
EndProject
Global
	GlobalSection(SolutionConfigurationPlatforms) = preSolution
		Debug|Any CPU = Debug|Any CPU
		Release|Any CPU = Release|Any CPU
	EndGlobalSection
	GlobalSection(ProjectConfigurationPlatforms) = postSolution
		{4EB596D8-A1A0-4F7D-B976-A73A74467D22}.Debug|Any CPU.ActiveCfg = Debug|Any CPU
		{4EB596D8-A1A0-4F7D-B976-A73A74467D22}.Debug|Any CPU.Build.0 = Debug|Any CPU
		{4EB596D8-A1A0-4F7D-B976-A73A74467D22}.Release|Any CPU.ActiveCfg = Release|Any CPU
		{4EB596D8-A1A0-4F7D-B976-A73A74467D22}.Release|Any CPU.Build.0 = Release|Any CPU
	EndGlobalSection
	GlobalSection(SolutionProperties) = preSolution
		HideSolutionNode = FALSE
	EndGlobalSection
	GlobalSection(ExtensibilityGlobals) = postSolution
		SolutionGuid = {84137F62-24DD-4630-91C3-EA06194B7EDE}
	EndGlobalSection
EndGlobal
